
Microsoft Visual Studio Solution File, Format Version 12.00
# Visual Studio Version 17
VisualStudioVersion = 17.0.31903.59
MinimumVisualStudioVersion = 10.0.40219.1
Project("{FAE04EC0-301F-11D3-BF4B-00C04F79EFBC}") = "my_solution", "my_solution\my_solution.csproj", "{F8D0F386-247D-41FD-A997-E63175A557EE}"
EndProject
Project("{FAE04EC0-301F-11D3-BF4B-00C04F79EFBC}") = "my_solution.Tests", "my_solution.Tests\my_solution.Tests.csproj", "{CA892956-E011-43CF-87A2-66A4B7655B04}"
EndProject
Global
	GlobalSection(SolutionConfigurationPlatforms) = preSolution
		Debug|Any CPU = Debug|Any CPU
		Release|Any CPU = Release|Any CPU
	EndGlobalSection
	GlobalSection(SolutionProperties) = preSolution
		HideSolutionNode = FALSE
	EndGlobalSection
	GlobalSection(ProjectConfigurationPlatforms) = postSolution
		{F8D0F386-247D-41FD-A997-E63175A557EE}.Debug|Any CPU.ActiveCfg = Debug|Any CPU
		{F8D0F386-247D-41FD-A997-E63175A557EE}.Debug|Any CPU.Build.0 = Debug|Any CPU
		{F8D0F386-247D-41FD-A997-E63175A557EE}.Release|Any CPU.ActiveCfg = Release|Any CPU
		{F8D0F386-247D-41FD-A997-E63175A557EE}.Release|Any CPU.Build.0 = Release|Any CPU
		{CA892956-E011-43CF-87A2-66A4B7655B04}.Debug|Any CPU.ActiveCfg = Debug|Any CPU
		{CA892956-E011-43CF-87A2-66A4B7655B04}.Debug|Any CPU.Build.0 = Debug|Any CPU
		{CA892956-E011-43CF-87A2-66A4B7655B04}.Release|Any CPU.ActiveCfg = Release|Any CPU
		{CA892956-E011-43CF-87A2-66A4B7655B04}.Release|Any CPU.Build.0 = Release|Any CPU
	EndGlobalSection
EndGlobal
